// !$*UTF8*$!
{
	archiveVersion = 1;
	classes = {
	};
	objectVersion = 50;
	objects = {

/* Begin PBXBuildFile section */
		B29662D223133672004748D8 /* AppDelegate.swift in Sources */ = {isa = PBXBuildFile; fileRef = B29662D123133672004748D8 /* AppDelegate.swift */; };
		B29662D423133672004748D8 /* ViewController.swift in Sources */ = {isa = PBXBuildFile; fileRef = B29662D323133672004748D8 /* ViewController.swift */; };
		B29662D723133672004748D8 /* Main.storyboard in Resources */ = {isa = PBXBuildFile; fileRef = B29662D523133672004748D8 /* Main.storyboard */; };
		B29662D923133673004748D8 /* Assets.xcassets in Resources */ = {isa = PBXBuildFile; fileRef = B29662D823133673004748D8 /* Assets.xcassets */; };
		B29662DC23133673004748D8 /* LaunchScreen.storyboard in Resources */ = {isa = PBXBuildFile; fileRef = B29662DA23133673004748D8 /* LaunchScreen.storyboard */; };
		B29662E723133673004748D8 /* tipTests.swift in Sources */ = {isa = PBXBuildFile; fileRef = B29662E623133673004748D8 /* tipTests.swift */; };
		B29662F223133673004748D8 /* tipUITests.swift in Sources */ = {isa = PBXBuildFile; fileRef = B29662F123133673004748D8 /* tipUITests.swift */; };
/* End PBXBuildFile section */

/* Begin PBXContainerItemProxy section */
		B29662E323133673004748D8 /* PBXContainerItemProxy */ = {
			isa = PBXContainerItemProxy;
			containerPortal = B29662C623133672004748D8 /* Project object */;
			proxyType = 1;
			remoteGlobalIDString = B29662CD23133672004748D8;
			remoteInfo = tip;
		};
		B29662EE23133673004748D8 /* PBXContainerItemProxy */ = {
			isa = PBXContainerItemProxy;
			containerPortal = B29662C623133672004748D8 /* Project object */;
			proxyType = 1;
			remoteGlobalIDString = B29662CD23133672004748D8;
			remoteInfo = tip;
		};
/* End PBXContainerItemProxy section */

/* Begin PBXFileReference section */
		B29662CE23133672004748D8 /* tip.app */ = {isa = PBXFileReference; explicitFileType = wrapper.application; includeInIndex = 0; path = tip.app; sourceTree = BUILT_PRODUCTS_DIR; };
		B29662D123133672004748D8 /* AppDelegate.swift */ = {isa = PBXFileReference; lastKnownFileType = sourcecode.swift; path = AppDelegate.swift; sourceTree = "<group>"; };
		B29662D323133672004748D8 /* ViewController.swift */ = {isa = PBXFileReference; lastKnownFileType = sourcecode.swift; path = ViewController.swift; sourceTree = "<group>"; };
		B29662D623133672004748D8 /* Base */ = {isa = PBXFileReference; lastKnownFileType = file.storyboard; name = Base; path = Base.lproj/Main.storyboard; sourceTree = "<group>"; };
		B29662D823133673004748D8 /* Assets.xcassets */ = {isa = PBXFileReference; lastKnownFileType = folder.assetcatalog; path = Assets.xcassets; sourceTree = "<group>"; };
		B29662DB23133673004748D8 /* Base */ = {isa = PBXFileReference; lastKnownFileType = file.storyboard; name = Base; path = Base.lproj/LaunchScreen.storyboard; sourceTree = "<group>"; };
		B29662DD23133673004748D8 /* Info.plist */ = {isa = PBXFileReference; lastKnownFileType = text.plist.xml; path = Info.plist; sourceTree = "<group>"; };
		B29662E223133673004748D8 /* tipTests.xctest */ = {isa = PBXFileReference; explicitFileType = wrapper.cfbundle; includeInIndex = 0; path = tipTests.xctest; sourceTree = BUILT_PRODUCTS_DIR; };
		B29662E623133673004748D8 /* tipTests.swift */ = {isa = PBXFileReference; lastKnownFileType = sourcecode.swift; path = tipTests.swift; sourceTree = "<group>"; };
		B29662E823133673004748D8 /* Info.plist */ = {isa = PBXFileReference; lastKnownFileType = text.plist.xml; path = Info.plist; sourceTree = "<group>"; };
		B29662ED23133673004748D8 /* tipUITests.xctest */ = {isa = PBXFileReference; explicitFileType = wrapper.cfbundle; includeInIndex = 0; path = tipUITests.xctest; sourceTree = BUILT_PRODUCTS_DIR; };
		B29662F123133673004748D8 /* tipUITests.swift */ = {isa = PBXFileReference; lastKnownFileType = sourcecode.swift; path = tipUITests.swift; sourceTree = "<group>"; };
		B29662F323133673004748D8 /* Info.plist */ = {isa = PBXFileReference; lastKnownFileType = text.plist.xml; path = Info.plist; sourceTree = "<group>"; };
/* End PBXFileReference section */

/* Begin PBXFrameworksBuildPhase section */
		B29662CB23133672004748D8 /* Frameworks */ = {
			isa = PBXFrameworksBuildPhase;
			buildActionMask = 2147483647;
			files = (
			);
			runOnlyForDeploymentPostprocessing = 0;
		};
		B29662DF23133673004748D8 /* Frameworks */ = {
			isa = PBXFrameworksBuildPhase;
			buildActionMask = 2147483647;
			files = (
			);
			runOnlyForDeploymentPostprocessing = 0;
		};
		B29662EA23133673004748D8 /* Frameworks */ = {
			isa = PBXFrameworksBuildPhase;
			buildActionMask = 2147483647;
			files = (
			);
			runOnlyForDeploymentPostprocessing = 0;
		};
/* End PBXFrameworksBuildPhase section */

/* Begin PBXGroup section */
		B29662C523133672004748D8 = {
			isa = PBXGroup;
			children = (
				B29662D023133672004748D8 /* tip */,
				B29662E523133673004748D8 /* tipTests */,
				B29662F023133673004748D8 /* tipUITests */,
				B29662CF23133672004748D8 /* Products */,
			);
			sourceTree = "<group>";
		};
		B29662CF23133672004748D8 /* Products */ = {
			isa = PBXGroup;
			children = (
				B29662CE23133672004748D8 /* tip.app */,
				B29662E223133673004748D8 /* tipTests.xctest */,
				B29662ED23133673004748D8 /* tipUITests.xctest */,
			);
			name = Products;
			sourceTree = "<group>";
		};
		B29662D023133672004748D8 /* tip */ = {
			isa = PBXGroup;
			children = (
				B29662D123133672004748D8 /* AppDelegate.swift */,
				B29662D323133672004748D8 /* ViewController.swift */,
				B29662D523133672004748D8 /* Main.storyboard */,
				B29662D823133673004748D8 /* Assets.xcassets */,
				B29662DA23133673004748D8 /* LaunchScreen.storyboard */,
				B29662DD23133673004748D8 /* Info.plist */,
			);
			path = tip;
			sourceTree = "<group>";
		};
		B29662E523133673004748D8 /* tipTests */ = {
			isa = PBXGroup;
			children = (
				B29662E623133673004748D8 /* tipTests.swift */,
				B29662E823133673004748D8 /* Info.plist */,
			);
			path = tipTests;
			sourceTree = "<group>";
		};
		B29662F023133673004748D8 /* tipUITests */ = {
			isa = PBXGroup;
			children = (
				B29662F123133673004748D8 /* tipUITests.swift */,
				B29662F323133673004748D8 /* Info.plist */,
			);
			path = tipUITests;
			sourceTree = "<group>";
		};
/* End PBXGroup section */

/* Begin PBXNativeTarget section */
		B29662CD23133672004748D8 /* tip */ = {
			isa = PBXNativeTarget;
			buildConfigurationList = B29662F623133673004748D8 /* Build configuration list for PBXNativeTarget "tip" */;
			buildPhases = (
				B29662CA23133672004748D8 /* Sources */,
				B29662CB23133672004748D8 /* Frameworks */,
				B29662CC23133672004748D8 /* Resources */,
			);
			buildRules = (
			);
			dependencies = (
			);
			name = tip;
			productName = tip;
			productReference = B29662CE23133672004748D8 /* tip.app */;
			productType = "com.apple.product-type.application";
		};
		B29662E123133673004748D8 /* tipTests */ = {
			isa = PBXNativeTarget;
			buildConfigurationList = B29662F923133673004748D8 /* Build configuration list for PBXNativeTarget "tipTests" */;
			buildPhases = (
				B29662DE23133673004748D8 /* Sources */,
				B29662DF23133673004748D8 /* Frameworks */,
				B29662E023133673004748D8 /* Resources */,
			);
			buildRules = (
			);
			dependencies = (
				B29662E423133673004748D8 /* PBXTargetDependency */,
			);
			name = tipTests;
			productName = tipTests;
			productReference = B29662E223133673004748D8 /* tipTests.xctest */;
			productType = "com.apple.product-type.bundle.unit-test";
		};
		B29662EC23133673004748D8 /* tipUITests */ = {
			isa = PBXNativeTarget;
			buildConfigurationList = B29662FC23133673004748D8 /* Build configuration list for PBXNativeTarget "tipUITests" */;
			buildPhases = (
				B29662E923133673004748D8 /* Sources */,
				B29662EA23133673004748D8 /* Frameworks */,
				B29662EB23133673004748D8 /* Resources */,
			);
			buildRules = (
			);
			dependencies = (
				B29662EF23133673004748D8 /* PBXTargetDependency */,
			);
			name = tipUITests;
			productName = tipUITests;
			productReference = B29662ED23133673004748D8 /* tipUITests.xctest */;
			productType = "com.apple.product-type.bundle.ui-testing";
		};
/* End PBXNativeTarget section */

/* Begin PBXProject section */
		B29662C623133672004748D8 /* Project object */ = {
			isa = PBXProject;
			attributes = {
				LastSwiftUpdateCheck = 1030;
				LastUpgradeCheck = 1030;
				ORGANIZATIONNAME = "Abdison Salami";
				TargetAttributes = {
					B29662CD23133672004748D8 = {
						CreatedOnToolsVersion = 10.3;
					};
					B29662E123133673004748D8 = {
						CreatedOnToolsVersion = 10.3;
						TestTargetID = B29662CD23133672004748D8;
					};
					B29662EC23133673004748D8 = {
						CreatedOnToolsVersion = 10.3;
						TestTargetID = B29662CD23133672004748D8;
					};
				};
			};
			buildConfigurationList = B29662C923133672004748D8 /* Build configuration list for PBXProject "tip" */;
			compatibilityVersion = "Xcode 9.3";
			developmentRegion = en;
			hasScannedForEncodings = 0;
			knownRegions = (
				en,
				Base,
			);
			mainGroup = B29662C523133672004748D8;
			productRefGroup = B29662CF23133672004748D8 /* Products */;
			projectDirPath = "";
			projectRoot = "";
			targets = (
				B29662CD23133672004748D8 /* tip */,
				B29662E123133673004748D8 /* tipTests */,
				B29662EC23133673004748D8 /* tipUITests */,
			);
		};
/* End PBXProject section */

/* Begin PBXResourcesBuildPhase section */
		B29662CC23133672004748D8 /* Resources */ = {
			isa = PBXResourcesBuildPhase;
			buildActionMask = 2147483647;
			files = (
				B29662DC23133673004748D8 /* LaunchScreen.storyboard in Resources */,
				B29662D923133673004748D8 /* Assets.xcassets in Resources */,
				B29662D723133672004748D8 /* Main.storyboard in Resources */,
			);
			runOnlyForDeploymentPostprocessing = 0;
		};
		B29662E023133673004748D8 /* Resources */ = {
			isa = PBXResourcesBuildPhase;
			buildActionMask = 2147483647;
			files = (
			);
			runOnlyForDeploymentPostprocessing = 0;
		};
		B29662EB23133673004748D8 /* Resources */ = {
			isa = PBXResourcesBuildPhase;
			buildActionMask = 2147483647;
			files = (
			);
			runOnlyForDeploymentPostprocessing = 0;
		};
/* End PBXResourcesBuildPhase section */

/* Begin PBXSourcesBuildPhase section */
		B29662CA23133672004748D8 /* Sources */ = {
			isa = PBXSourcesBuildPhase;
			buildActionMask = 2147483647;
			files = (
				B29662D423133672004748D8 /* ViewController.swift in Sources */,
				B29662D223133672004748D8 /* AppDelegate.swift in Sources */,
			);
			runOnlyForDeploymentPostprocessing = 0;
		};
		B29662DE23133673004748D8 /* Sources */ = {
			isa = PBXSourcesBuildPhase;
			buildActionMask = 2147483647;
			files = (
				B29662E723133673004748D8 /* tipTests.swift in Sources */,
			);
			runOnlyForDeploymentPostprocessing = 0;
		};
		B29662E923133673004748D8 /* Sources */ = {
			isa = PBXSourcesBuildPhase;
			buildActionMask = 2147483647;
			files = (
				B29662F223133673004748D8 /* tipUITests.swift in Sources */,
			);
			runOnlyForDeploymentPostprocessing = 0;
		};
/* End PBXSourcesBuildPhase section */

/* Begin PBXTargetDependency section */
		B29662E423133673004748D8 /* PBXTargetDependency */ = {
			isa = PBXTargetDependency;
			target = B29662CD23133672004748D8 /* tip */;
			targetProxy = B29662E323133673004748D8 /* PBXContainerItemProxy */;
		};
		B29662EF23133673004748D8 /* PBXTargetDependency */ = {
			isa = PBXTargetDependency;
			target = B29662CD23133672004748D8 /* tip */;
			targetProxy = B29662EE23133673004748D8 /* PBXContainerItemProxy */;
		};
/* End PBXTargetDependency section */

/* Begin PBXVariantGroup section */
		B29662D523133672004748D8 /* Main.storyboard */ = {
			isa = PBXVariantGroup;
			children = (
				B29662D623133672004748D8 /* Base */,
			);
			name = Main.storyboard;
			sourceTree = "<group>";
		};
		B29662DA23133673004748D8 /* LaunchScreen.storyboard */ = {
			isa = PBXVariantGroup;
			children = (
				B29662DB23133673004748D8 /* Base */,
			);
			name = LaunchScreen.storyboard;
			sourceTree = "<group>";
		};
/* End PBXVariantGroup section */

/* Begin XCBuildConfiguration section */
		B29662F423133673004748D8 /* Debug */ = {
			isa = XCBuildConfiguration;
			buildSettings = {
				ALWAYS_SEARCH_USER_PATHS = NO;
				CLANG_ANALYZER_NONNULL = YES;
				CLANG_ANALYZER_NUMBER_OBJECT_CONVERSION = YES_AGGRESSIVE;
				CLANG_CXX_LANGUAGE_STANDARD = "gnu++14";
				CLANG_CXX_LIBRARY = "libc++";
				CLANG_ENABLE_MODULES = YES;
				CLANG_ENABLE_OBJC_ARC = YES;
				CLANG_ENABLE_OBJC_WEAK = YES;
				CLANG_WARN_BLOCK_CAPTURE_AUTORELEASING = YES;
				CLANG_WARN_BOOL_CONVERSION = YES;
				CLANG_WARN_COMMA = YES;
				CLANG_WARN_CONSTANT_CONVERSION = YES;
				CLANG_WARN_DEPRECATED_OBJC_IMPLEMENTATIONS = YES;
				CLANG_WARN_DIRECT_OBJC_ISA_USAGE = YES_ERROR;
				CLANG_WARN_DOCUMENTATION_COMMENTS = YES;
				CLANG_WARN_EMPTY_BODY = YES;
				CLANG_WARN_ENUM_CONVERSION = YES;
				CLANG_WARN_INFINITE_RECURSION = YES;
				CLANG_WARN_INT_CONVERSION = YES;
				CLANG_WARN_NON_LITERAL_NULL_CONVERSION = YES;
				CLANG_WARN_OBJC_IMPLICIT_RETAIN_SELF = YES;
				CLANG_WARN_OBJC_LITERAL_CONVERSION = YES;
				CLANG_WARN_OBJC_ROOT_CLASS = YES_ERROR;
				CLANG_WARN_RANGE_LOOP_ANALYSIS = YES;
				CLANG_WARN_STRICT_PROTOTYPES = YES;
				CLANG_WARN_SUSPICIOUS_MOVE = YES;
				CLANG_WARN_UNGUARDED_AVAILABILITY = YES_AGGRESSIVE;
				CLANG_WARN_UNREACHABLE_CODE = YES;
				CLANG_WARN__DUPLICATE_METHOD_MATCH = YES;
				CODE_SIGN_IDENTITY = "iPhone Developer";
				COPY_PHASE_STRIP = NO;
				DEBUG_INFORMATION_FORMAT = dwarf;
				ENABLE_STRICT_OBJC_MSGSEND = YES;
				ENABLE_TESTABILITY = YES;
				GCC_C_LANGUAGE_STANDARD = gnu11;
				GCC_DYNAMIC_NO_PIC = NO;
				GCC_NO_COMMON_BLOCKS = YES;
				GCC_OPTIMIZATION_LEVEL = 0;
				GCC_PREPROCESSOR_DEFINITIONS = (
					"DEBUG=1",
					"$(inherited)",
				);
				GCC_WARN_64_TO_32_BIT_CONVERSION = YES;
				GCC_WARN_ABOUT_RETURN_TYPE = YES_ERROR;
				GCC_WARN_UNDECLARED_SELECTOR = YES;
				GCC_WARN_UNINITIALIZED_AUTOS = YES_AGGRESSIVE;
				GCC_WARN_UNUSED_FUNCTION = YES;
				GCC_WARN_UNUSED_VARIABLE = YES;
				IPHONEOS_DEPLOYMENT_TARGET = 12.4;
				MTL_ENABLE_DEBUG_INFO = INCLUDE_SOURCE;
				MTL_FAST_MATH = YES;
				ONLY_ACTIVE_ARCH = YES;
				SDKROOT = iphoneos;
				SWIFT_ACTIVE_COMPILATION_CONDITIONS = DEBUG;
				SWIFT_OPTIMIZATION_LEVEL = "-Onone";
			};
			name = Debug;
		};
		B29662F523133673004748D8 /* Release */ = {
			isa = XCBuildConfiguration;
			buildSettings = {
				ALWAYS_SEARCH_USER_PATHS = NO;
				CLANG_ANALYZER_NONNULL = YES;
				CLANG_ANALYZER_NUMBER_OBJECT_CONVERSION = YES_AGGRESSIVE;
				CLANG_CXX_LANGUAGE_STANDARD = "gnu++14";
				CLANG_CXX_LIBRARY = "libc++";
				CLANG_ENABLE_MODULES = YES;
				CLANG_ENABLE_OBJC_ARC = YES;
				CLANG_ENABLE_OBJC_WEAK = YES;
				CLANG_WARN_BLOCK_CAPTURE_AUTORELEASING = YES;
				CLANG_WARN_BOOL_CONVERSION = YES;
				CLANG_WARN_COMMA = YES;
				CLANG_WARN_CONSTANT_CONVERSION = YES;
				CLANG_WARN_DEPRECATED_OBJC_IMPLEMENTATIONS = YES;
				CLANG_WARN_DIRECT_OBJC_ISA_USAGE = YES_ERROR;
				CLANG_WARN_DOCUMENTATION_COMMENTS = YES;
				CLANG_WARN_EMPTY_BODY = YES;
				CLANG_WARN_ENUM_CONVERSION = YES;
				CLANG_WARN_INFINITE_RECURSION = YES;
				CLANG_WARN_INT_CONVERSION = YES;
				CLANG_WARN_NON_LITERAL_NULL_CONVERSION = YES;
				CLANG_WARN_OBJC_IMPLICIT_RETAIN_SELF = YES;
				CLANG_WARN_OBJC_LITERAL_CONVERSION = YES;
				CLANG_WARN_OBJC_ROOT_CLASS = YES_ERROR;
				CLANG_WARN_RANGE_LOOP_ANALYSIS = YES;
				CLANG_WARN_STRICT_PROTOTYPES = YES;
				CLANG_WARN_SUSPICIOUS_MOVE = YES;
				CLANG_WARN_UNGUARDED_AVAILABILITY = YES_AGGRESSIVE;
				CLANG_WARN_UNREACHABLE_CODE = YES;
				CLANG_WARN__DUPLICATE_METHOD_MATCH = YES;
				CODE_SIGN_IDENTITY = "iPhone Developer";
				COPY_PHASE_STRIP = NO;
				DEBUG_INFORMATION_FORMAT = "dwarf-with-dsym";
				ENABLE_NS_ASSERTIONS = NO;
				ENABLE_STRICT_OBJC_MSGSEND = YES;
				GCC_C_LANGUAGE_STANDARD = gnu11;
				GCC_NO_COMMON_BLOCKS = YES;
				GCC_WARN_64_TO_32_BIT_CONVERSION = YES;
				GCC_WARN_ABOUT_RETURN_TYPE = YES_ERROR;
				GCC_WARN_UNDECLARED_SELECTOR = YES;
				GCC_WARN_UNINITIALIZED_AUTOS = YES_AGGRESSIVE;
				GCC_WARN_UNUSED_FUNCTION = YES;
				GCC_WARN_UNUSED_VARIABLE = YES;
				IPHONEOS_DEPLOYMENT_TARGET = 12.4;
				MTL_ENABLE_DEBUG_INFO = NO;
				MTL_FAST_MATH = YES;
				SDKROOT = iphoneos;
				SWIFT_COMPILATION_MODE = wholemodule;
				SWIFT_OPTIMIZATION_LEVEL = "-O";
				VALIDATE_PRODUCT = YES;
			};
			name = Release;
		};
		B29662F723133673004748D8 /* Debug */ = {
			isa = XCBuildConfiguration;
			buildSettings = {
				ASSETCATALOG_COMPILER_APPICON_NAME = AppIcon;
				CODE_SIGN_STYLE = Automatic;
				INFOPLIST_FILE = tip/Info.plist;
				LD_RUNPATH_SEARCH_PATHS = (
					"$(inherited)",
					"@executable_path/Frameworks",
				);
				PRODUCT_BUNDLE_IDENTIFIER = Abdison.tip;
				PRODUCT_NAME = "$(TARGET_NAME)";
				SWIFT_VERSION = 5.0;
				TARGETED_DEVICE_FAMILY = "1,2";
			};
			name = Debug;
		};
		B29662F823133673004748D8 /* Release */ = {
			isa = XCBuildConfiguration;
			buildSettings = {
				ASSETCATALOG_COMPILER_APPICON_NAME = AppIcon;
				CODE_SIGN_STYLE = Automatic;
				INFOPLIST_FILE = tip/Info.plist;
				LD_RUNPATH_SEARCH_PATHS = (
					"$(inherited)",
					"@executable_path/Frameworks",
				);
				PRODUCT_BUNDLE_IDENTIFIER = Abdison.tip;
				PRODUCT_NAME = "$(TARGET_NAME)";
				SWIFT_VERSION = 5.0;
				TARGETED_DEVICE_FAMILY = "1,2";
			};
			name = Release;
		};
		B29662FA23133673004748D8 /* Debug */ = {
			isa = XCBuildConfiguration;
			buildSettings = {
				ALWAYS_EMBED_SWIFT_STANDARD_LIBRARIES = YES;
				BUNDLE_LOADER = "$(TEST_HOST)";
				CODE_SIGN_STYLE = Automatic;
				INFOPLIST_FILE = tipTests/Info.plist;
				LD_RUNPATH_SEARCH_PATHS = (
					"$(inherited)",
					"@executable_path/Frameworks",
					"@loader_path/Frameworks",
				);
				PRODUCT_BUNDLE_IDENTIFIER = Abdison.tipTests;
				PRODUCT_NAME = "$(TARGET_NAME)";
				SWIFT_VERSION = 5.0;
				TARGETED_DEVICE_FAMILY = "1,2";
				TEST_HOST = "$(BUILT_PRODUCTS_DIR)/tip.app/tip";
			};
			name = Debug;
		};
		B29662FB23133673004748D8 /* Release */ = {
			isa = XCBuildConfiguration;
			buildSettings = {
				ALWAYS_EMBED_SWIFT_STANDARD_LIBRARIES = YES;
				BUNDLE_LOADER = "$(TEST_HOST)";
				CODE_SIGN_STYLE = Automatic;
				INFOPLIST_FILE = tipTests/Info.plist;
				LD_RUNPATH_SEARCH_PATHS = (
					"$(inherited)",
					"@executable_path/Frameworks",
					"@loader_path/Frameworks",
				);
				PRODUCT_BUNDLE_IDENTIFIER = Abdison.tipTests;
				PRODUCT_NAME = "$(TARGET_NAME)";
				SWIFT_VERSION = 5.0;
				TARGETED_DEVICE_FAMILY = "1,2";
				TEST_HOST = "$(BUILT_PRODUCTS_DIR)/tip.app/tip";
			};
			name = Release;
		};
		B29662FD23133673004748D8 /* Debug */ = {
			isa = XCBuildConfiguration;
			buildSettings = {
				ALWAYS_EMBED_SWIFT_STANDARD_LIBRARIES = YES;
				CODE_SIGN_STYLE = Automatic;
				INFOPLIST_FILE = tipUITests/Info.plist;
				LD_RUNPATH_SEARCH_PATHS = (
					"$(inherited)",
					"@executable_path/Frameworks",
					"@loader_path/Frameworks",
				);
				PRODUCT_BUNDLE_IDENTIFIER = Abdison.tipUITests;
				PRODUCT_NAME = "$(TARGET_NAME)";
				SWIFT_VERSION = 5.0;
				TARGETED_DEVICE_FAMILY = "1,2";
				TEST_TARGET_NAME = tip;
			};
			name = Debug;
		};
		B29662FE23133673004748D8 /* Release */ = {
			isa = XCBuildConfiguration;
			buildSettings = {
				ALWAYS_EMBED_SWIFT_STANDARD_LIBRARIES = YES;
				CODE_SIGN_STYLE = Automatic;
				INFOPLIST_FILE = tipUITests/Info.plist;
				LD_RUNPATH_SEARCH_PATHS = (
					"$(inherited)",
					"@executable_path/Frameworks",
					"@loader_path/Frameworks",
				);
				PRODUCT_BUNDLE_IDENTIFIER = Abdison.tipUITests;
				PRODUCT_NAME = "$(TARGET_NAME)";
				SWIFT_VERSION = 5.0;
				TARGETED_DEVICE_FAMILY = "1,2";
				TEST_TARGET_NAME = tip;
			};
			name = Release;
		};
/* End XCBuildConfiguration section */

/* Begin XCConfigurationList section */
		B29662C923133672004748D8 /* Build configuration list for PBXProject "tip" */ = {
			isa = XCConfigurationList;
			buildConfigurations = (
				B29662F423133673004748D8 /* Debug */,
				B29662F523133673004748D8 /* Release */,
			);
			defaultConfigurationIsVisible = 0;
			defaultConfigurationName = Release;
		};
		B29662F623133673004748D8 /* Build configuration list for PBXNativeTarget "tip" */ = {
			isa = XCConfigurationList;
			buildConfigurations = (
				B29662F723133673004748D8 /* Debug */,
				B29662F823133673004748D8 /* Release */,
			);
			defaultConfigurationIsVisible = 0;
			defaultConfigurationName = Release;
		};
		B29662F923133673004748D8 /* Build configuration list for PBXNativeTarget "tipTests" */ = {
			isa = XCConfigurationList;
			buildConfigurations = (
				B29662FA23133673004748D8 /* Debug */,
				B29662FB23133673004748D8 /* Release */,
			);
			defaultConfigurationIsVisible = 0;
			defaultConfigurationName = Release;
		};
		B29662FC23133673004748D8 /* Build configuration list for PBXNativeTarget "tipUITests" */ = {
			isa = XCConfigurationList;
			buildConfigurations = (
				B29662FD23133673004748D8 /* Debug */,
				B29662FE23133673004748D8 /* Release */,
			);
			defaultConfigurationIsVisible = 0;
			defaultConfigurationName = Release;
		};
/* End XCConfigurationList section */
	};
	rootObject = B29662C623133672004748D8 /* Project object */;
}
